
Microsoft Visual Studio Solution File, Format Version 12.00
Project("{FAE04EC0-301F-11D3-BF4B-00C04F79EFBC}") = "Day3", "Day3\Day3.csproj", "{409E0B7D-D949-4F89-894E-2E2707E338BB}"
EndProject
Global
	GlobalSection(SolutionConfigurationPlatforms) = preSolution
		Debug|Any CPU = Debug|Any CPU
		Release|Any CPU = Release|Any CPU
	EndGlobalSection
	GlobalSection(ProjectConfigurationPlatforms) = postSolution
		{409E0B7D-D949-4F89-894E-2E2707E338BB}.Debug|Any CPU.ActiveCfg = Debug|Any CPU
		{409E0B7D-D949-4F89-894E-2E2707E338BB}.Debug|Any CPU.Build.0 = Debug|Any CPU
		{409E0B7D-D949-4F89-894E-2E2707E338BB}.Release|Any CPU.ActiveCfg = Release|Any CPU
		{409E0B7D-D949-4F89-894E-2E2707E338BB}.Release|Any CPU.Build.0 = Release|Any CPU
	EndGlobalSection
EndGlobal
